lockfileVersion: '9.0'

settings:
  autoInstallPeers: true
  excludeLinksFromLockfile: false

importers:

  .:
    dependencies:
      '@swc/helpers':
        specifier: ^0.5.1
        version: 0.5.17
      playwright:
        specifier: ^1.49.1
        version: 1.55.0
      tslib:
        specifier: ^2.7.0
        version: 2.8.1
      turndown:
        specifier: ^7.2.0
        version: 7.2.1
      turndown-plugin-gfm:
        specifier: ^1.0.2
        version: 1.0.2
      yargs:
        specifier: ^17.7.2
        version: 17.7.2
    devDependencies:
      '@types/jest':
        specifier: ^30.0.0
        version: 30.0.0
      '@types/node':
        specifier: ^24.3.0
        version: 24.3.0
      '@types/turndown':
        specifier: ^5.0.5
        version: 5.0.5
      '@types/yargs':
        specifier: ^17.0.33
        version: 17.0.33
      typescript:
        specifier: ^5.0.0
        version: 5.9.2

packages:

  '@babel/code-frame@7.27.1':
    resolution: {integrity: sha512-cjQ7ZlQ0Mv3b47hABuTevyTuYN4i+loJKGeV9flcCgIK37cCXRh+L1bd3iBHlynerhQ7BhCkn2BPbQUL+rGqFg==}
    engines: {node: '>=6.9.0'}

  '@babel/helper-validator-identifier@7.27.1':
    resolution: {integrity: sha512-D2hP9eA+Sqx1kBZgzxZh0y1trbuU+JoDkiEwqhQ36nodYqJwyEIhPSdMNd7lOm/4io72luTPWH20Yda0xOuUow==}
    engines: {node: '>=6.9.0'}

  '@jest/diff-sequences@30.0.1':
    resolution: {integrity: sha512-n5H8QLDJ47QqbCNn5SuFjCRDrOLEZ0h8vAHCK5RL9Ls7Xa8AQLa/YxAc9UjFqoEDM48muwtBGjtMY5cr0PLDCw==}
    engines: {node: ^18.14.0 || ^20.0.0 || ^22.0.0 || >=24.0.0}

  '@jest/expect-utils@30.0.5':
    resolution: {integrity: sha512-F3lmTT7CXWYywoVUGTCmom0vXq3HTTkaZyTAzIy+bXSBizB7o5qzlC9VCtq0arOa8GqmNsbg/cE9C6HLn7Szew==}
    engines: {node: ^18.14.0 || ^20.0.0 || ^22.0.0 || >=24.0.0}

  '@jest/get-type@30.0.1':
    resolution: {integrity: sha512-AyYdemXCptSRFirI5EPazNxyPwAL0jXt3zceFjaj8NFiKP9pOi0bfXonf6qkf82z2t3QWPeLCWWw4stPBzctLw==}
    engines: {node: ^18.14.0 || ^20.0.0 || ^22.0.0 || >=24.0.0}

  '@jest/pattern@30.0.1':
    resolution: {integrity: sha512-gWp7NfQW27LaBQz3TITS8L7ZCQ0TLvtmI//4OwlQRx4rnWxcPNIYjxZpDcN4+UlGxgm3jS5QPz8IPTCkb59wZA==}
    engines: {node: ^18.14.0 || ^20.0.0 || ^22.0.0 || >=24.0.0}

  '@jest/schemas@30.0.5':
    resolution: {integrity: sha512-DmdYgtezMkh3cpU8/1uyXakv3tJRcmcXxBOcO0tbaozPwpmh4YMsnWrQm9ZmZMfa5ocbxzbFk6O4bDPEc/iAnA==}
    engines: {node: ^18.14.0 || ^20.0.0 || ^22.0.0 || >=24.0.0}

  '@jest/types@30.0.5':
    resolution: {integrity: sha512-aREYa3aku9SSnea4aX6bhKn4bgv3AXkgijoQgbYV3yvbiGt6z+MQ85+6mIhx9DsKW2BuB/cLR/A+tcMThx+KLQ==}
    engines: {node: ^18.14.0 || ^20.0.0 || ^22.0.0 || >=24.0.0}

  '@mixmark-io/domino@2.2.0':
    resolution: {integrity: sha512-Y28PR25bHXUg88kCV7nivXrP2Nj2RueZ3/l/jdx6J9f8J4nsEGcgX0Qe6lt7Pa+J79+kPiJU3LguR6O/6zrLOw==}

  '@sinclair/typebox@0.34.40':
    resolution: {integrity: sha512-gwBNIP8ZAYev/ORDWW0QvxdwPXwxBtLsdsJgSc7eDIRt8ubP+rxUBzPsrwnu16fgEF8Bx4lh/+mvQvJzcTM6Kw==}

  '@swc/helpers@0.5.17':
    resolution: {integrity: sha512-5IKx/Y13RsYd+sauPb2x+U/xZikHjolzfuDgTAl/Tdf3Q8rslRvC19NKDLgAJQ6wsqADk10ntlv08nPFw/gO/A==}

  '@types/istanbul-lib-coverage@2.0.6':
    resolution: {integrity: sha512-2QF/t/auWm0lsy8XtKVPG19v3sSOQlJe/YHZgfjb/KBBHOGSV+J2q/S671rcq9uTBrLAXmZpqJiaQbMT+zNU1w==}

  '@types/istanbul-lib-report@3.0.3':
    resolution: {integrity: sha512-NQn7AHQnk/RSLOxrBbGyJM/aVQ+pjj5HCgasFxc0K/KhoATfQ/47AyUl15I2yBUpihjmas+a+VJBOqecrFH+uA==}

  '@types/istanbul-reports@3.0.4':
    resolution: {integrity: sha512-pk2B1NWalF9toCRu6gjBzR69syFjP4Od8WRAX+0mmf9lAjCRicLOWc+ZrxZHx/0XRjotgkF9t6iaMJ+aXcOdZQ==}

  '@types/jest@30.0.0':
    resolution: {integrity: sha512-XTYugzhuwqWjws0CVz8QpM36+T+Dz5mTEBKhNs/esGLnCIlGdRy+Dq78NRjd7ls7r8BC8ZRMOrKlkO1hU0JOwA==}

  '@types/node@24.3.0':
    resolution: {integrity: sha512-aPTXCrfwnDLj4VvXrm+UUCQjNEvJgNA8s5F1cvwQU+3KNltTOkBm1j30uNLyqqPNe7gE3KFzImYoZEfLhp4Yow==}

  '@types/stack-utils@2.0.3':
    resolution: {integrity: sha512-9aEbYZ3TbYMznPdcdr3SmIrLXwC/AKZXQeCf9Pgao5CKb8CyHuEX5jzWPTkvregvhRJHcpRO6BFoGW9ycaOkYw==}

  '@types/turndown@5.0.5':
    resolution: {integrity: sha512-TL2IgGgc7B5j78rIccBtlYAnkuv8nUQqhQc+DSYV5j9Be9XOcm/SKOVRuA47xAVI3680Tk9B1d8flK2GWT2+4w==}

  '@types/yargs-parser@21.0.3':
    resolution: {integrity: sha512-I4q9QU9MQv4oEOz4tAHJtNz1cwuLxn2F3xcc2iV5WdqLPpUnj30aUuxt1mAxYTG+oe8CZMV/+6rU4S4gRDzqtQ==}

  '@types/yargs@17.0.33':
    resolution: {integrity: sha512-WpxBCKWPLr4xSsHgz511rFJAM+wS28w2zEO1QDNY5zM/S8ok70NNfztH0xwhqKyaK0OHCbN98LDAZuy1ctxDkA==}

  ansi-regex@5.0.1:
    resolution: {integrity: sha512-quJQXlTSUGL2LH9SUXo8VwsY4soanhgo6LNSm84E1LBcE8s3O0wpdiRzyR9z/ZZJMlMWv37qOOb9pdJlMUEKFQ==}
    engines: {node: '>=8'}

  ansi-styles@4.3.0:
    resolution: {integrity: sha512-zbB9rCJAT1rbjiVDb2hqKFHNYLxgtk8NURxZ3IZwD3F6NtxbXZQCnnSi1Lkx+IDohdPlFp222wVALIheZJQSEg==}
    engines: {node: '>=8'}

  ansi-styles@5.2.0:
    resolution: {integrity: sha512-Cxwpt2SfTzTtXcfOlzGEee8O+c+MmUgGrNiBcXnuWxuFJHe6a5Hz7qwhwe5OgaSYI0IJvkLqWX1ASG+cJOkEiA==}
    engines: {node: '>=10'}

  braces@3.0.3:
    resolution: {integrity: sha512-yQbXgO/OSZVD2IsiLlro+7Hf6Q18EJrKSEsdoMzKePKXct3gvD8oLcOQdIzGupr5Fj+EDe8gO/lxc1BzfMpxvA==}
    engines: {node: '>=8'}

  chalk@4.1.2:
    resolution: {integrity: sha512-oKnbhFyRIXpUuez8iBMmyEa4nbj4IOQyuhc/wy9kY7/WVPcwIO9VA668Pu8RkO7+0G76SLROeyw9CpQ061i4mA==}
    engines: {node: '>=10'}

  ci-info@4.3.0:
    resolution: {integrity: sha512-l+2bNRMiQgcfILUi33labAZYIWlH1kWDp+ecNo5iisRKrbm0xcRyCww71/YU0Fkw0mAFpz9bJayXPjey6vkmaQ==}
    engines: {node: '>=8'}

  cliui@8.0.1:
    resolution: {integrity: sha512-BSeNnyus75C4//NQ9gQt1/csTXyo/8Sb+afLAkzAptFuMsod9HFokGNudZpi/oQV73hnVK+sR+5PVRMd+Dr7YQ==}
    engines: {node: '>=12'}

  color-convert@2.0.1:
    resolution: {integrity: sha512-RRECPsj7iu/xb5oKYcsFHSppFNnsj/52OVTRKb4zP5onXwVF3zVmmToNcOfGC+CRDpfK/U584fMg38ZHCaElKQ==}
    engines: {node: '>=7.0.0'}

  color-name@1.1.4:
    resolution: {integrity: sha512-dOy+3AuW3a2wNbZHIuMZpTcgjGuLU/uBL/ubcZF9OXbDo8ff4O8yVp5Bf0efS8uEoYo5q4Fx7dY9OgQGXgAsQA==}

  emoji-regex@8.0.0:
    resolution: {integrity: sha512-MSjYzcWNOA0ewAHpz0MxpYFvwg6yjy1NG3xteoqz644VCo/RPgnr1/GGt+ic3iJTzQ8Eu3TdM14SawnVUmGE6A==}

  escalade@3.2.0:
    resolution: {integrity: sha512-WUj2qlxaQtO4g6Pq5c29GTcWGDyd8itL8zTlipgECz3JesAiiOKotd8JU6otB3PACgG6xkJUyVhboMS+bje/jA==}
    engines: {node: '>=6'}

  escape-string-regexp@2.0.0:
    resolution: {integrity: sha512-UpzcLCXolUWcNu5HtVMHYdXJjArjsF9C0aNnquZYY4uW/Vu0miy5YoWvbV345HauVvcAUnpRuhMMcqTcGOY2+w==}
    engines: {node: '>=8'}

  expect@30.0.5:
    resolution: {integrity: sha512-P0te2pt+hHI5qLJkIR+iMvS+lYUZml8rKKsohVHAGY+uClp9XVbdyYNJOIjSRpHVp8s8YqxJCiHUkSYZGr8rtQ==}
    engines: {node: ^18.14.0 || ^20.0.0 || ^22.0.0 || >=24.0.0}

  fill-range@7.1.1:
    resolution: {integrity: sha512-YsGpe3WHLK8ZYi4tWDg2Jy3ebRz2rXowDxnld4bkQB00cc/1Zw9AWnC0i9ztDJitivtQvaI9KaLyKrc+hBW0yg==}
    engines: {node: '>=8'}

  fsevents@2.3.2:
    resolution: {integrity: sha512-xiqMQR4xAeHTuB9uWm+fFRcIOgKBMiOBP+eXiyT7jsgVCq1bkVygt00oASowB7EdtpOHaaPgKt812P9ab+DDKA==}
    engines: {node: ^8.16.0 || ^10.6.0 || >=11.0.0}
    os: [darwin]

  get-caller-file@2.0.5:
    resolution: {integrity: sha512-DyFP3BM/3YHTQOCUL/w0OZHR0lpKeGrxotcHWcqNEdnltqFwXVfhEBQ94eIo34AfQpo0rGki4cyIiftY06h2Fg==}
    engines: {node: 6.* || 8.* || >= 10.*}

  graceful-fs@4.2.11:
    resolution: {integrity: sha512-RbJ5/jmFcNNCcDV5o9eTnBLJ/HszWV0P73bc+Ff4nS/rJj+YaS6IGyiOL0VoBYX+l1Wrl3k63h/KrH+nhJ0XvQ==}

  has-flag@4.0.0:
    resolution: {integrity: sha512-EykJT/Q1KjTWctppgIAgfSO0tKVuZUjhgMr17kqTumMl6Afv3EISleU7qZUzoXDFTAHTDC4NOoG/ZxU3EvlMPQ==}
    engines: {node: '>=8'}

  is-fullwidth-code-point@3.0.0:
    resolution: {integrity: sha512-zymm5+u+sCsSWyD9qNaejV3DFvhCKclKdizYaJUuHA83RLjb7nSuGnddCHGv0hk+KY7BMAlsWeK4Ueg6EV6XQg==}
    engines: {node: '>=8'}

  is-number@7.0.0:
    resolution: {integrity: sha512-41Cifkg6e8TylSpdtTpeLVMqvSBEVzTttHvERD741+pnZ8ANv0004MRL43QKPDlK9cGvNp6NZWZUBlbGXYxxng==}
    engines: {node: '>=0.12.0'}

  jest-diff@30.0.5:
    resolution: {integrity: sha512-1UIqE9PoEKaHcIKvq2vbibrCog4Y8G0zmOxgQUVEiTqwR5hJVMCoDsN1vFvI5JvwD37hjueZ1C4l2FyGnfpE0A==}
    engines: {node: ^18.14.0 || ^20.0.0 || ^22.0.0 || >=24.0.0}

  jest-matcher-utils@30.0.5:
    resolution: {integrity: sha512-uQgGWt7GOrRLP1P7IwNWwK1WAQbq+m//ZY0yXygyfWp0rJlksMSLQAA4wYQC3b6wl3zfnchyTx+k3HZ5aPtCbQ==}
    engines: {node: ^18.14.0 || ^20.0.0 || ^22.0.0 || >=24.0.0}

  jest-message-util@30.0.5:
    resolution: {integrity: sha512-NAiDOhsK3V7RU0Aa/HnrQo+E4JlbarbmI3q6Pi4KcxicdtjV82gcIUrejOtczChtVQR4kddu1E1EJlW6EN9IyA==}
    engines: {node: ^18.14.0 || ^20.0.0 || ^22.0.0 || >=24.0.0}

  jest-mock@30.0.5:
    resolution: {integrity: sha512-Od7TyasAAQX/6S+QCbN6vZoWOMwlTtzzGuxJku1GhGanAjz9y+QsQkpScDmETvdc9aSXyJ/Op4rhpMYBWW91wQ==}
    engines: {node: ^18.14.0 || ^20.0.0 || ^22.0.0 || >=24.0.0}

  jest-regex-util@30.0.1:
    resolution: {integrity: sha512-jHEQgBXAgc+Gh4g0p3bCevgRCVRkB4VB70zhoAE48gxeSr1hfUOsM/C2WoJgVL7Eyg//hudYENbm3Ne+/dRVVA==}
    engines: {node: ^18.14.0 || ^20.0.0 || ^22.0.0 || >=24.0.0}

  jest-util@30.0.5:
    resolution: {integrity: sha512-pvyPWssDZR0FlfMxCBoc0tvM8iUEskaRFALUtGQYzVEAqisAztmy+R8LnU14KT4XA0H/a5HMVTXat1jLne010g==}
    engines: {node: ^18.14.0 || ^20.0.0 || ^22.0.0 || >=24.0.0}

  js-tokens@4.0.0:
    resolution: {integrity: sha512-RdJUflcE3cUzKiMqQgsCu06FPu9UdIJO0beYbPhHN4k6apgJtifcoCtT9bcxOpYBtpD2kCM6Sbzg4CausW/PKQ==}

  micromatch@4.0.8:
    resolution: {integrity: sha512-PXwfBhYu0hBCPw8Dn0E+WDYb7af3dSLVWKi3HGv84IdF4TyFoC0ysxFd0Goxw7nSv4T/PzEJQxsYsEiFCKo2BA==}
    engines: {node: '>=8.6'}

  picocolors@1.1.1:
    resolution: {integrity: sha512-xceH2snhtb5M9liqDsmEw56le376mTZkEX/jEb/RxNFyegNul7eNslCXP9FDj/Lcu0X8KEyMceP2ntpaHrDEVA==}

  picomatch@2.3.1:
    resolution: {integrity: sha512-JU3teHTNjmE2VCGFzuY8EXzCDVwEqB2a8fsIvwaStHhAWJEeVd1o1QD80CU6+ZdEXXSLbSsuLwJjkCBWqRQUVA==}
    engines: {node: '>=8.6'}

  picomatch@4.0.3:
    resolution: {integrity: sha512-5gTmgEY/sqK6gFXLIsQNH19lWb4ebPDLA4SdLP7dsWkIXHWlG66oPuVvXSGFPppYZz8ZDZq0dYYrbHfBCVUb1Q==}
    engines: {node: '>=12'}

  playwright-core@1.55.0:
    resolution: {integrity: sha512-GvZs4vU3U5ro2nZpeiwyb0zuFaqb9sUiAJuyrWpcGouD8y9/HLgGbNRjIph7zU9D3hnPaisMl9zG9CgFi/biIg==}
    engines: {node: '>=18'}
    hasBin: true

  playwright@1.55.0:
    resolution: {integrity: sha512-sdCWStblvV1YU909Xqx0DhOjPZE4/5lJsIS84IfN9dAZfcl/CIZ5O8l3o0j7hPMjDvqoTF8ZUcc+i/GL5erstA==}
    engines: {node: '>=18'}
    hasBin: true

  pretty-format@30.0.5:
    resolution: {integrity: sha512-D1tKtYvByrBkFLe2wHJl2bwMJIiT8rW+XA+TiataH79/FszLQMrpGEvzUVkzPau7OCO0Qnrhpe87PqtOAIB8Yw==}
    engines: {node: ^18.14.0 || ^20.0.0 || ^22.0.0 || >=24.0.0}

  react-is@18.3.1:
    resolution: {integrity: sha512-/LLMVyas0ljjAtoYiPqYiL8VWXzUUdThrmU5+n20DZv+a+ClRoevUzw5JxU+Ieh5/c87ytoTBV9G1FiKfNJdmg==}

  require-directory@2.1.1:
    resolution: {integrity: sha512-fGxEI7+wsG9xrvdjsrlmL22OMTTiHRwAMroiEeMgq8gzoLC/PQr7RsRDSTLUg/bZAZtF+TVIkHc6/4RIKrui+Q==}
    engines: {node: '>=0.10.0'}

  slash@3.0.0:
    resolution: {integrity: sha512-g9Q1haeby36OSStwb4ntCGGGaKsaVSjQ68fBxoQcutl5fS1vuY18H3wSt3jFyFtrkx+Kz0V1G85A4MyAdDMi2Q==}
    engines: {node: '>=8'}

  stack-utils@2.0.6:
    resolution: {integrity: sha512-XlkWvfIm6RmsWtNJx+uqtKLS8eqFbxUg0ZzLXqY0caEy9l7hruX8IpiDnjsLavoBgqCCR71TqWO8MaXYheJ3RQ==}
    engines: {node: '>=10'}

  string-width@4.2.3:
    resolution: {integrity: sha512-wKyQRQpjJ0sIp62ErSZdGsjMJWsap5oRNihHhu6G7JVO/9jIB6UyevL+tXuOqrng8j/cxKTWyWUwvSTriiZz/g==}
    engines: {node: '>=8'}

  strip-ansi@6.0.1:
    resolution: {integrity: sha512-Y38VPSHcqkFrCpFnQ9vuSXmquuv5oXOKpGeT6aGrr3o3Gc9AlVa6JBfUSOCnbxGGZF+/0ooI7KrPuUSztUdU5A==}
    engines: {node: '>=8'}

  supports-color@7.2.0:
    resolution: {integrity: sha512-qpCAvRl9stuOHveKsn7HncJRvv501qIacKzQlO/+Lwxc9+0q2wLyv4Dfvt80/DPn2pqOBsJdDiogXGR9+OvwRw==}
    engines: {node: '>=8'}

  to-regex-range@5.0.1:
    resolution: {integrity: sha512-65P7iz6X5yEr1cwcgvQxbbIw7Uk3gOy5dIdtZ4rDveLqhrdJP+Li/Hx6tyK0NEb+2GCyneCMJiGqrADCSNk8sQ==}
    engines: {node: '>=8.0'}

  tslib@2.8.1:
    resolution: {integrity: sha512-oJFu94HQb+KVduSUQL7wnpmqnfmLsOA/nAh6b6EH0wCEoK0/mPeXU6c3wKDV83MkOuHPRHtSXKKU99IBazS/2w==}

  turndown-plugin-gfm@1.0.2:
    resolution: {integrity: sha512-vwz9tfvF7XN/jE0dGoBei3FXWuvll78ohzCZQuOb+ZjWrs3a0XhQVomJEb2Qh4VHTPNRO4GPZh0V7VRbiWwkRg==}

  turndown@7.2.1:
    resolution: {integrity: sha512-7YiPJw6rLClQL3oUKN3KgMaXeJJ2lAyZItclgKDurqnH61so4k4IH/qwmMva0zpuJc/FhRExBBnk7EbeFANlgQ==}

  typescript@5.9.2:
    resolution: {integrity: sha512-CWBzXQrc/qOkhidw1OzBTQuYRbfyxDXJMVJ1XNwUHGROVmuaeiEm3OslpZ1RV96d7SKKjZKrSJu3+t/xlw3R9A==}
    engines: {node: '>=14.17'}
    hasBin: true

  undici-types@7.10.0:
    resolution: {integrity: sha512-t5Fy/nfn+14LuOc2KNYg75vZqClpAiqscVvMygNnlsHBFpSXdJaYtXMcdNLpl/Qvc3P2cB3s6lOV51nqsFq4ag==}

  wrap-ansi@7.0.0:
    resolution: {integrity: sha512-YVGIj2kamLSTxw6NsZjoBxfSwsn0ycdesmc4p+Q21c5zPuZ1pl+NfxVdxPtdHvmNVOQ6XSYG4AUtyt/Fi7D16Q==}
    engines: {node: '>=10'}

  y18n@5.0.8:
    resolution: {integrity: sha512-0pfFzegeDWJHJIAmTLRP2DwHjdF5s7jo9tuztdQxAhINCdvS+3nGINqPd00AphqJR/0LhANUS6/+7SCb98YOfA==}
    engines: {node: '>=10'}

  yargs-parser@21.1.1:
    resolution: {integrity: sha512-tVpsJW7DdjecAiFpbIB1e3qxIQsE6NoPc5/eTdrbbIC4h0LVsWhnoa3g+m2HclBIujHzsxZ4VJVA+GUuc2/LBw==}
    engines: {node: '>=12'}

  yargs@17.7.2:
    resolution: {integrity: sha512-7dSzzRQ++CKnNI/krKnYRV7JKKPUXMEh61soaHKg9mrWEhzFWhFnxPxGl+69cD1Ou63C13NUPCnmIcrvqCuM6w==}
    engines: {node: '>=12'}

snapshots:

  '@babel/code-frame@7.27.1':
    dependencies:
      '@babel/helper-validator-identifier': 7.27.1
      js-tokens: 4.0.0
      picocolors: 1.1.1

  '@babel/helper-validator-identifier@7.27.1': {}

  '@jest/diff-sequences@30.0.1': {}

  '@jest/expect-utils@30.0.5':
    dependencies:
      '@jest/get-type': 30.0.1

  '@jest/get-type@30.0.1': {}

  '@jest/pattern@30.0.1':
    dependencies:
      '@types/node': 24.3.0
      jest-regex-util: 30.0.1

  '@jest/schemas@30.0.5':
    dependencies:
      '@sinclair/typebox': 0.34.40

  '@jest/types@30.0.5':
    dependencies:
      '@jest/pattern': 30.0.1
      '@jest/schemas': 30.0.5
      '@types/istanbul-lib-coverage': 2.0.6
      '@types/istanbul-reports': 3.0.4
      '@types/node': 24.3.0
      '@types/yargs': 17.0.33
      chalk: 4.1.2

  '@mixmark-io/domino@2.2.0': {}

  '@sinclair/typebox@0.34.40': {}

  '@swc/helpers@0.5.17':
    dependencies:
      tslib: 2.8.1

  '@types/istanbul-lib-coverage@2.0.6': {}

  '@types/istanbul-lib-report@3.0.3':
    dependencies:
      '@types/istanbul-lib-coverage': 2.0.6

  '@types/istanbul-reports@3.0.4':
    dependencies:
      '@types/istanbul-lib-report': 3.0.3

  '@types/jest@30.0.0':
    dependencies:
      expect: 30.0.5
      pretty-format: 30.0.5

  '@types/node@24.3.0':
    dependencies:
      undici-types: 7.10.0

  '@types/stack-utils@2.0.3': {}

  '@types/turndown@5.0.5': {}

  '@types/yargs-parser@21.0.3': {}

  '@types/yargs@17.0.33':
    dependencies:
      '@types/yargs-parser': 21.0.3

  ansi-regex@5.0.1: {}

  ansi-styles@4.3.0:
    dependencies:
      color-convert: 2.0.1

  ansi-styles@5.2.0: {}

  braces@3.0.3:
    dependencies:
      fill-range: 7.1.1

  chalk@4.1.2:
    dependencies:
      ansi-styles: 4.3.0
      supports-color: 7.2.0

  ci-info@4.3.0: {}

  cliui@8.0.1:
    dependencies:
      string-width: 4.2.3
      strip-ansi: 6.0.1
      wrap-ansi: 7.0.0

  color-convert@2.0.1:
    dependencies:
      color-name: 1.1.4

  color-name@1.1.4: {}

  emoji-regex@8.0.0: {}

  escalade@3.2.0: {}

  escape-string-regexp@2.0.0: {}

  expect@30.0.5:
    dependencies:
      '@jest/expect-utils': 30.0.5
      '@jest/get-type': 30.0.1
      jest-matcher-utils: 30.0.5
      jest-message-util: 30.0.5
      jest-mock: 30.0.5
      jest-util: 30.0.5

  fill-range@7.1.1:
    dependencies:
      to-regex-range: 5.0.1

  fsevents@2.3.2:
    optional: true

  get-caller-file@2.0.5: {}

  graceful-fs@4.2.11: {}

  has-flag@4.0.0: {}

  is-fullwidth-code-point@3.0.0: {}

  is-number@7.0.0: {}

  jest-diff@30.0.5:
    dependencies:
      '@jest/diff-sequences': 30.0.1
      '@jest/get-type': 30.0.1
      chalk: 4.1.2
      pretty-format: 30.0.5

  jest-matcher-utils@30.0.5:
    dependencies:
      '@jest/get-type': 30.0.1
      chalk: 4.1.2
      jest-diff: 30.0.5
      pretty-format: 30.0.5

  jest-message-util@30.0.5:
    dependencies:
      '@babel/code-frame': 7.27.1
      '@jest/types': 30.0.5
      '@types/stack-utils': 2.0.3
      chalk: 4.1.2
      graceful-fs: 4.2.11
      micromatch: 4.0.8
      pretty-format: 30.0.5
      slash: 3.0.0
      stack-utils: 2.0.6

  jest-mock@30.0.5:
    dependencies:
      '@jest/types': 30.0.5
      '@types/node': 24.3.0
      jest-util: 30.0.5

  jest-regex-util@30.0.1: {}

  jest-util@30.0.5:
    dependencies:
      '@jest/types': 30.0.5
      '@types/node': 24.3.0
      chalk: 4.1.2
      ci-info: 4.3.0
      graceful-fs: 4.2.11
      picomatch: 4.0.3

  js-tokens@4.0.0: {}

  micromatch@4.0.8:
    dependencies:
      braces: 3.0.3
      picomatch: 2.3.1

  picocolors@1.1.1: {}

  picomatch@2.3.1: {}

  picomatch@4.0.3: {}

  playwright-core@1.55.0: {}

  playwright@1.55.0:
    dependencies:
      playwright-core: 1.55.0
    optionalDependencies:
      fsevents: 2.3.2

  pretty-format@30.0.5:
    dependencies:
      '@jest/schemas': 30.0.5
      ansi-styles: 5.2.0
      react-is: 18.3.1

  react-is@18.3.1: {}

  require-directory@2.1.1: {}

  slash@3.0.0: {}

  stack-utils@2.0.6:
    dependencies:
      escape-string-regexp: 2.0.0

  string-width@4.2.3:
    dependencies:
      emoji-regex: 8.0.0
      is-fullwidth-code-point: 3.0.0
      strip-ansi: 6.0.1

  strip-ansi@6.0.1:
    dependencies:
      ansi-regex: 5.0.1

  supports-color@7.2.0:
    dependencies:
      has-flag: 4.0.0

  to-regex-range@5.0.1:
    dependencies:
      is-number: 7.0.0

  tslib@2.8.1: {}

  turndown-plugin-gfm@1.0.2: {}

  turndown@7.2.1:
    dependencies:
      '@mixmark-io/domino': 2.2.0

  typescript@5.9.2: {}

  undici-types@7.10.0: {}

  wrap-ansi@7.0.0:
    dependencies:
      ansi-styles: 4.3.0
      string-width: 4.2.3
      strip-ansi: 6.0.1

  y18n@5.0.8: {}

  yargs-parser@21.1.1: {}

  yargs@17.7.2:
    dependencies:
      cliui: 8.0.1
      escalade: 3.2.0
      get-caller-file: 2.0.5
      require-directory: 2.1.1
      string-width: 4.2.3
      y18n: 5.0.8
      yargs-parser: 21.1.1
